// !$*UTF8*$!
{
 archiveVersion = 1;
 classes = {};
 objectVersion = 56;
 objects = {
 A00000000000000000000001 = {isa = PBXProject; attributes = {LastUpgradeCheck = 2660; TargetAttributes = {A00000000000000000000002 = {CreatedOnToolsVersion = 26.6; DevelopmentTeam = 3BNJ4M9R56; ProvisioningStyle = Automatic; }; }; }; buildConfigurationList = A00000000000000000000006; compatibilityVersion = "Xcode 14.0"; developmentRegion = en; knownRegions = (en, de, Base); mainGroup = A00000000000000000000003; productRefGroup = A00000000000000000000004; projectDirPath = ""; projectRoot = ""; targets = (A00000000000000000000002); };
 A00000000000000000000002 = {isa = PBXNativeTarget; buildConfigurationList = A00000000000000000000007; buildPhases = (A00000000000000000000008); buildRules = (); dependencies = (); name = Merkzeug; productName = Merkzeug; productReference = A00000000000000000000005; productType = "com.apple.product-type.application"; };
 A00000000000000000000003 = {isa = PBXGroup; children = (A00000000000000000000004); sourceTree = "<group>"; };
 A00000000000000000000004 = {isa = PBXGroup; children = (A00000000000000000000005); name = Products; sourceTree = "<group>"; };
 A00000000000000000000005 = {isa = PBXFileReference; explicitFileType = wrapper.application; includeInIndex = 0; path = Merkzeug.app; sourceTree = BUILT_PRODUCTS_DIR; };
 A00000000000000000000006 = {isa = XCConfigurationList; buildConfigurations = (A00000000000000000000009, A0000000000000000000000A); defaultConfigurationIsVisible = 0; defaultConfigurationName = Release; };
 A00000000000000000000007 = {isa = XCConfigurationList; buildConfigurations = (A0000000000000000000000B, A0000000000000000000000C); defaultConfigurationIsVisible = 0; defaultConfigurationName = Release; };
 A00000000000000000000008 = {isa = PBXShellScriptBuildPhase; alwaysOutOfDate = 1; buildActionMask = 2147483647; files = (); inputPaths = ("$(SRCROOT)/../dist-mas/mas-dev-universal/Merkzeug.app/Contents/Info.plist"); name = "Stage Electron MAS application"; outputPaths = ("$(TARGET_BUILD_DIR)/$(EXECUTABLE_PATH)"); runOnlyForDeploymentPostprocessing = 0; shellPath = /bin/bash; shellScript = "set -euo pipefail\nexport PATH=\"/opt/homebrew/opt/node@24/bin:/usr/local/opt/node@24/bin:$PATH\"\npython3 \"$SRCROOT/stage-electron.py\"\n"; };
 A00000000000000000000009 = {isa = XCBuildConfiguration; buildSettings = {SDKROOT = macosx; MACOSX_DEPLOYMENT_TARGET = 12.0; }; name = Debug; };
 A0000000000000000000000A = {isa = XCBuildConfiguration; buildSettings = {SDKROOT = macosx; MACOSX_DEPLOYMENT_TARGET = 12.0; }; name = Release; };
 A0000000000000000000000B = {isa = XCBuildConfiguration; buildSettings = {
 ARCHS = "$(ARCHS_STANDARD)";
 ONLY_ACTIVE_ARCH = NO;
 CODE_SIGN_STYLE = Automatic;
 CODE_SIGN_IDENTITY = "Apple Development";
 DEVELOPMENT_TEAM = 3BNJ4M9R56;
 CODE_SIGN_ENTITLEMENTS = ../build/entitlements.mas.plist;
 ENABLE_APP_SANDBOX = YES;
 ENABLE_HARDENED_RUNTIME = NO;
 ENABLE_USER_SCRIPT_SANDBOXING = NO;
 GENERATE_INFOPLIST_FILE = NO;
 INFOPLIST_FILE = "../dist-mas/mas-dev-universal/Merkzeug.app/Contents/Info.plist";
 INFOPLIST_KEY_CFBundleDisplayName = Merkzeug;
 PRODUCT_BUNDLE_IDENTIFIER = "com.creative-it.merkzeug";
 PRODUCT_NAME = Merkzeug;
 SKIP_INSTALL = NO;
 INSTALL_PATH = "$(LOCAL_APPS_DIR)";
 COMBINE_HIDPI_IMAGES = YES;
 STRIP_INSTALLED_PRODUCT = NO;
 COPY_PHASE_STRIP = NO;
 LD_GENERATE_MAP_FILE = NO;
 DEBUG_INFORMATION_FORMAT = dwarf;
}; name = Debug; };
 A0000000000000000000000C = {isa = XCBuildConfiguration; buildSettings = {
 ARCHS = "$(ARCHS_STANDARD)";
 ONLY_ACTIVE_ARCH = NO;
 CODE_SIGN_STYLE = Automatic;
 CODE_SIGN_IDENTITY = "Apple Development";
 DEVELOPMENT_TEAM = 3BNJ4M9R56;
 CODE_SIGN_ENTITLEMENTS = ../build/entitlements.mas.plist;
 ENABLE_APP_SANDBOX = YES;
 ENABLE_HARDENED_RUNTIME = NO;
 ENABLE_USER_SCRIPT_SANDBOXING = NO;
 GENERATE_INFOPLIST_FILE = NO;
 INFOPLIST_FILE = "../dist-mas/mas-dev-universal/Merkzeug.app/Contents/Info.plist";
 INFOPLIST_KEY_CFBundleDisplayName = Merkzeug;
 PRODUCT_BUNDLE_IDENTIFIER = "com.creative-it.merkzeug";
 PRODUCT_NAME = Merkzeug;
 SKIP_INSTALL = NO;
 INSTALL_PATH = "$(LOCAL_APPS_DIR)";
 COMBINE_HIDPI_IMAGES = YES;
 STRIP_INSTALLED_PRODUCT = NO;
 COPY_PHASE_STRIP = NO;
 LD_GENERATE_MAP_FILE = NO;
 DEBUG_INFORMATION_FORMAT = dwarf;
}; name = Release; };
 };
 rootObject = A00000000000000000000001;
}
